// !$*UTF8*$!
{
	archiveVersion = 1;
	classes = {
	};
	objectVersion = 56;
	objects = {

/* Begin PBXBuildFile section */
		191FC36C29183D910083C4E7 /* OnboardingOne.swift in Sources */ = {isa = PBXBuildFile; fileRef = 191FC36B29183D910083C4E7 /* OnboardingOne.swift */; };
		191FC36E29183DAE0083C4E7 /* OnboardingTwo.swift in Sources */ = {isa = PBXBuildFile; fileRef = 191FC36D29183DAE0083C4E7 /* OnboardingTwo.swift */; };
		191FC37029183DC00083C4E7 /* OnboardingThree.swift in Sources */ = {isa = PBXBuildFile; fileRef = 191FC36F29183DC00083C4E7 /* OnboardingThree.swift */; };
		191FC37229183E650083C4E7 /* OnboardingFour.swift in Sources */ = {isa = PBXBuildFile; fileRef = 191FC37129183E650083C4E7 /* OnboardingFour.swift */; };
		191FC37429183E730083C4E7 /* ChecklistOne.swift in Sources */ = {isa = PBXBuildFile; fileRef = 191FC37329183E730083C4E7 /* ChecklistOne.swift */; };
		191FC37629183E870083C4E7 /* ChecklistTwo.swift in Sources */ = {isa = PBXBuildFile; fileRef = 191FC37529183E870083C4E7 /* ChecklistTwo.swift */; };
		191FC37829183E9C0083C4E7 /* ChecklistThree.swift in Sources */ = {isa = PBXBuildFile; fileRef = 191FC37729183E9C0083C4E7 /* ChecklistThree.swift */; };
		191FC37A29183EAB0083C4E7 /* ChecklistFour.swift in Sources */ = {isa = PBXBuildFile; fileRef = 191FC37929183EAB0083C4E7 /* ChecklistFour.swift */; };
		3436241229197BF1007A8FC6 /* TestDashboardIntegratedView.swift in Sources */ = {isa = PBXBuildFile; fileRef = 3436241129197BF1007A8FC6 /* TestDashboardIntegratedView.swift */; };
		344B927B2911D7130030547F /* Trip.swift in Sources */ = {isa = PBXBuildFile; fileRef = 344B927A2911D7130030547F /* Trip.swift */; };
		344B927D2911D7240030547F /* Proposal.swift in Sources */ = {isa = PBXBuildFile; fileRef = 344B927C2911D7240030547F /* Proposal.swift */; };
		344B927F2911D7290030547F /* TripDay.swift in Sources */ = {isa = PBXBuildFile; fileRef = 344B927E2911D7290030547F /* TripDay.swift */; };
		344B92812911D72F0030547F /* Event.swift in Sources */ = {isa = PBXBuildFile; fileRef = 344B92802911D72F0030547F /* Event.swift */; };
		344B92832911D7390030547F /* Task.swift in Sources */ = {isa = PBXBuildFile; fileRef = 344B92822911D7390030547F /* Task.swift */; };
		344B92852911D73F0030547F /* Reply.swift in Sources */ = {isa = PBXBuildFile; fileRef = 344B92842911D73F0030547F /* Reply.swift */; };
		345BEF20291A1A640093BE5B /* JoinTripView.swift in Sources */ = {isa = PBXBuildFile; fileRef = 345BEF1F291A1A640093BE5B /* JoinTripView.swift */; };
		34B9C444290A65D000015341 /* ToGatherApp.swift in Sources */ = {isa = PBXBuildFile; fileRef = 34B9C443290A65D000015341 /* ToGatherApp.swift */; };
		34B9C448290A65D100015341 /* Assets.xcassets in Resources */ = {isa = PBXBuildFile; fileRef = 34B9C447290A65D100015341 /* Assets.xcassets */; };
		34B9C44B290A65D100015341 /* Preview Assets.xcassets in Resources */ = {isa = PBXBuildFile; fileRef = 34B9C44A290A65D100015341 /* Preview Assets.xcassets */; };
		34B9C44D290A65D100015341 /* Persistence.swift in Sources */ = {isa = PBXBuildFile; fileRef = 34B9C44C290A65D100015341 /* Persistence.swift */; };
		34B9C450290A65D100015341 /* ToGather.xcdatamodeld in Sources */ = {isa = PBXBuildFile; fileRef = 34B9C44E290A65D100015341 /* ToGather.xcdatamodeld */; };
		34B9C457290A662800015341 /* GoogleService-Info.plist in Resources */ = {isa = PBXBuildFile; fileRef = 34B9C456290A662800015341 /* GoogleService-Info.plist */; };
		34B9C468290A66FF00015341 /* User.swift in Sources */ = {isa = PBXBuildFile; fileRef = 34B9C467290A66FF00015341 /* User.swift */; };
		34B9C46A290A67BA00015341 /* UserRepository.swift in Sources */ = {isa = PBXBuildFile; fileRef = 34B9C469290A67BA00015341 /* UserRepository.swift */; };
		34B9C46C290AF06900015341 /* AppView.swift in Sources */ = {isa = PBXBuildFile; fileRef = 34B9C46B290AF06900015341 /* AppView.swift */; };
		972A2DFF291ACA5000B30260 /* Home.swift in Sources */ = {isa = PBXBuildFile; fileRef = 972A2DFE291ACA5000B30260 /* Home.swift */; };
		972A2E02291ACBF800B30260 /* Buttons.swift in Sources */ = {isa = PBXBuildFile; fileRef = 972A2E01291ACBF800B30260 /* Buttons.swift */; };
		972A2E04291ACF9400B30260 /* NavigationLinks.swift in Sources */ = {isa = PBXBuildFile; fileRef = 972A2E03291ACF9400B30260 /* NavigationLinks.swift */; };
		972A2E06291AD9DE00B30260 /* BarNavigation.swift in Sources */ = {isa = PBXBuildFile; fileRef = 972A2E05291AD9DE00B30260 /* BarNavigation.swift */; };
		972A2E08291ADD7700B30260 /* UserTrips.swift in Sources */ = {isa = PBXBuildFile; fileRef = 972A2E07291ADD7700B30260 /* UserTrips.swift */; };
		975EDF902915CE5900680AAD /* TestTripDetailsModel.swift in Sources */ = {isa = PBXBuildFile; fileRef = 975EDF8F2915CE5900680AAD /* TestTripDetailsModel.swift */; };
		975EDF922915CE6A00680AAD /* TestTripDetailsViewModel.swift in Sources */ = {isa = PBXBuildFile; fileRef = 975EDF912915CE6A00680AAD /* TestTripDetailsViewModel.swift */; };
		975EDF942915CE7500680AAD /* TestTripDetailsView.swift in Sources */ = {isa = PBXBuildFile; fileRef = 975EDF932915CE7500680AAD /* TestTripDetailsView.swift */; };
		975EDF962915CE8800680AAD /* TestTripDetailsRowView.swift in Sources */ = {isa = PBXBuildFile; fileRef = 975EDF952915CE8800680AAD /* TestTripDetailsRowView.swift */; };
		975EDF992915D10200680AAD /* Dashboard-deprecated1.swift in Sources */ = {isa = PBXBuildFile; fileRef = 975EDF982915D10200680AAD /* Dashboard-deprecated1.swift */; };
		975EDF9B2915D74700680AAD /* TestTripDetailsRowModel.swift in Sources */ = {isa = PBXBuildFile; fileRef = 975EDF9A2915D74700680AAD /* TestTripDetailsRowModel.swift */; };
		97A005F4291B468800F0FE26 /* FirebaseAppCheck in Frameworks */ = {isa = PBXBuildFile; productRef = 97A005F3291B468800F0FE26 /* FirebaseAppCheck */; };
		97A005F6291B468800F0FE26 /* FirebaseAuth in Frameworks */ = {isa = PBXBuildFile; productRef = 97A005F5291B468800F0FE26 /* FirebaseAuth */; };
		97A005F8291B468800F0FE26 /* FirebaseDatabase in Frameworks */ = {isa = PBXBuildFile; productRef = 97A005F7291B468800F0FE26 /* FirebaseDatabase */; };
		97A005FA291B468800F0FE26 /* FirebaseFirestore in Frameworks */ = {isa = PBXBuildFile; productRef = 97A005F9291B468800F0FE26 /* FirebaseFirestore */; };
		97A005FC291B468800F0FE26 /* FirebaseFirestoreSwift in Frameworks */ = {isa = PBXBuildFile; productRef = 97A005FB291B468800F0FE26 /* FirebaseFirestoreSwift */; };
		97A005FE291B468800F0FE26 /* FirebaseMessaging in Frameworks */ = {isa = PBXBuildFile; productRef = 97A005FD291B468800F0FE26 /* FirebaseMessaging */; };
		97A00600291B468800F0FE26 /* FirebaseStorage in Frameworks */ = {isa = PBXBuildFile; productRef = 97A005FF291B468800F0FE26 /* FirebaseStorage */; };
		97A00602291C3FC800F0FE26 /* YourTripsView.swift in Sources */ = {isa = PBXBuildFile; fileRef = 97A00601291C3FC800F0FE26 /* YourTripsView.swift */; };
		97A00604291C461600F0FE26 /* YourProposalsView.swift in Sources */ = {isa = PBXBuildFile; fileRef = 97A00603291C461600F0FE26 /* YourProposalsView.swift */; };
		97A00606291C464500F0FE26 /* YourChecklists.swift in Sources */ = {isa = PBXBuildFile; fileRef = 97A00605291C464500F0FE26 /* YourChecklists.swift */; };
		97AD44C3290EFD8C000678E0 /* ViewModel.swift in Sources */ = {isa = PBXBuildFile; fileRef = 97AD44C2290EFD8C000678E0 /* ViewModel.swift */; };
		97AD44C5290EFD9D000678E0 /* ContentView.swift in Sources */ = {isa = PBXBuildFile; fileRef = 97AD44C4290EFD9D000678E0 /* ContentView.swift */; };
		97AD4509291427CC000678E0 /* Dashboard.swift in Sources */ = {isa = PBXBuildFile; fileRef = 97AD4508291427CC000678E0 /* Dashboard.swift */; };
		97AD450B29142DFC000678E0 /* TripDetail.swift in Sources */ = {isa = PBXBuildFile; fileRef = 97AD450A29142DFC000678E0 /* TripDetail.swift */; };
		97AD450E291435D5000678E0 /* DesignSystemComponents.swift in Sources */ = {isa = PBXBuildFile; fileRef = 97AD450D291435D5000678E0 /* DesignSystemComponents.swift */; };
		97AD45102914367A000678E0 /* TripDetailCard.swift in Sources */ = {isa = PBXBuildFile; fileRef = 97AD450F2914367A000678E0 /* TripDetailCard.swift */; };
		97AD4512291440AE000678E0 /* Experiment.swift in Sources */ = {isa = PBXBuildFile; fileRef = 97AD4511291440AE000678E0 /* Experiment.swift */; };
		97AD45142914644C000678E0 /* TestDashboardView.swift in Sources */ = {isa = PBXBuildFile; fileRef = 97AD45132914644C000678E0 /* TestDashboardView.swift */; };
		97AD451629146475000678E0 /* TestDashboardViewModel.swift in Sources */ = {isa = PBXBuildFile; fileRef = 97AD451529146475000678E0 /* TestDashboardViewModel.swift */; };
		97AD451829146482000678E0 /* TestDashboardModel.swift in Sources */ = {isa = PBXBuildFile; fileRef = 97AD451729146482000678E0 /* TestDashboardModel.swift */; };
		97C793B0291AB1230009BCF6 /* ProposalCard.swift in Sources */ = {isa = PBXBuildFile; fileRef = 97C793AF291AB1230009BCF6 /* ProposalCard.swift */; };
		97C793B2291AB13E0009BCF6 /* TestUI.swift in Sources */ = {isa = PBXBuildFile; fileRef = 97C793B1291AB13E0009BCF6 /* TestUI.swift */; };
/* End PBXBuildFile section */

/* Begin PBXFileReference section */
		191FC36B29183D910083C4E7 /* OnboardingOne.swift */ = {isa = PBXFileReference; lastKnownFileType = sourcecode.swift; path = OnboardingOne.swift; sourceTree = "<group>"; };
		191FC36D29183DAE0083C4E7 /* OnboardingTwo.swift */ = {isa = PBXFileReference; lastKnownFileType = sourcecode.swift; path = OnboardingTwo.swift; sourceTree = "<group>"; };
		191FC36F29183DC00083C4E7 /* OnboardingThree.swift */ = {isa = PBXFileReference; lastKnownFileType = sourcecode.swift; path = OnboardingThree.swift; sourceTree = "<group>"; tabWidth = 2; };
		191FC37129183E650083C4E7 /* OnboardingFour.swift */ = {isa = PBXFileReference; lastKnownFileType = sourcecode.swift; path = OnboardingFour.swift; sourceTree = "<group>"; };
		191FC37329183E730083C4E7 /* ChecklistOne.swift */ = {isa = PBXFileReference; lastKnownFileType = sourcecode.swift; path = ChecklistOne.swift; sourceTree = "<group>"; };
		191FC37529183E870083C4E7 /* ChecklistTwo.swift */ = {isa = PBXFileReference; lastKnownFileType = sourcecode.swift; path = ChecklistTwo.swift; sourceTree = "<group>"; };
		191FC37729183E9C0083C4E7 /* ChecklistThree.swift */ = {isa = PBXFileReference; lastKnownFileType = sourcecode.swift; path = ChecklistThree.swift; sourceTree = "<group>"; };
		191FC37929183EAB0083C4E7 /* ChecklistFour.swift */ = {isa = PBXFileReference; lastKnownFileType = sourcecode.swift; path = ChecklistFour.swift; sourceTree = "<group>"; };
		3436241129197BF1007A8FC6 /* TestDashboardIntegratedView.swift */ = {isa = PBXFileReference; lastKnownFileType = sourcecode.swift; path = TestDashboardIntegratedView.swift; sourceTree = "<group>"; };
		344B927A2911D7130030547F /* Trip.swift */ = {isa = PBXFileReference; lastKnownFileType = sourcecode.swift; path = Trip.swift; sourceTree = "<group>"; };
		344B927C2911D7240030547F /* Proposal.swift */ = {isa = PBXFileReference; lastKnownFileType = sourcecode.swift; path = Proposal.swift; sourceTree = "<group>"; };
		344B927E2911D7290030547F /* TripDay.swift */ = {isa = PBXFileReference; lastKnownFileType = sourcecode.swift; path = TripDay.swift; sourceTree = "<group>"; };
		344B92802911D72F0030547F /* Event.swift */ = {isa = PBXFileReference; lastKnownFileType = sourcecode.swift; path = Event.swift; sourceTree = "<group>"; };
		344B92822911D7390030547F /* Task.swift */ = {isa = PBXFileReference; lastKnownFileType = sourcecode.swift; path = Task.swift; sourceTree = "<group>"; };
		344B92842911D73F0030547F /* Reply.swift */ = {isa = PBXFileReference; lastKnownFileType = sourcecode.swift; path = Reply.swift; sourceTree = "<group>"; };
		345BEF1F291A1A640093BE5B /* JoinTripView.swift */ = {isa = PBXFileReference; lastKnownFileType = sourcecode.swift; path = JoinTripView.swift; sourceTree = "<group>"; };
		34B9C440290A65D000015341 /* ToGather.app */ = {isa = PBXFileReference; explicitFileType = wrapper.application; includeInIndex = 0; path = ToGather.app; sourceTree = BUILT_PRODUCTS_DIR; };
		34B9C443290A65D000015341 /* ToGatherApp.swift */ = {isa = PBXFileReference; lastKnownFileType = sourcecode.swift; path = ToGatherApp.swift; sourceTree = "<group>"; };
		34B9C447290A65D100015341 /* Assets.xcassets */ = {isa = PBXFileReference; lastKnownFileType = folder.assetcatalog; path = Assets.xcassets; sourceTree = "<group>"; };
		34B9C44A290A65D100015341 /* Preview Assets.xcassets */ = {isa = PBXFileReference; lastKnownFileType = folder.assetcatalog; path = "Preview Assets.xcassets"; sourceTree = "<group>"; };
		34B9C44C290A65D100015341 /* Persistence.swift */ = {isa = PBXFileReference; lastKnownFileType = sourcecode.swift; path = Persistence.swift; sourceTree = "<group>"; };
		34B9C44F290A65D100015341 /* ToGather.xcdatamodel */ = {isa = PBXFileReference; lastKnownFileType = wrapper.xcdatamodel; path = ToGather.xcdatamodel; sourceTree = "<group>"; };
		34B9C456290A662800015341 /* GoogleService-Info.plist */ = {isa = PBXFileReference; fileEncoding = 4; lastKnownFileType = text.plist.xml; path = "GoogleService-Info.plist"; sourceTree = "<group>"; };
		34B9C467290A66FF00015341 /* User.swift */ = {isa = PBXFileReference; lastKnownFileType = sourcecode.swift; name = User.swift; path = ../User.swift; sourceTree = "<group>"; };
		34B9C469290A67BA00015341 /* UserRepository.swift */ = {isa = PBXFileReference; lastKnownFileType = sourcecode.swift; path = UserRepository.swift; sourceTree = "<group>"; };
		34B9C46B290AF06900015341 /* AppView.swift */ = {isa = PBXFileReference; indentWidth = 2; lastKnownFileType = sourcecode.swift; path = AppView.swift; sourceTree = "<group>"; tabWidth = 2; usesTabs = 0; };
		972A2DFE291ACA5000B30260 /* Home.swift */ = {isa = PBXFileReference; lastKnownFileType = sourcecode.swift; path = Home.swift; sourceTree = "<group>"; };
		972A2E01291ACBF800B30260 /* Buttons.swift */ = {isa = PBXFileReference; lastKnownFileType = sourcecode.swift; path = Buttons.swift; sourceTree = "<group>"; };
		972A2E03291ACF9400B30260 /* NavigationLinks.swift */ = {isa = PBXFileReference; lastKnownFileType = sourcecode.swift; path = NavigationLinks.swift; sourceTree = "<group>"; };
		972A2E05291AD9DE00B30260 /* BarNavigation.swift */ = {isa = PBXFileReference; lastKnownFileType = sourcecode.swift; path = BarNavigation.swift; sourceTree = "<group>"; };
		972A2E07291ADD7700B30260 /* UserTrips.swift */ = {isa = PBXFileReference; lastKnownFileType = sourcecode.swift; path = UserTrips.swift; sourceTree = "<group>"; };
		975EDF8F2915CE5900680AAD /* TestTripDetailsModel.swift */ = {isa = PBXFileReference; lastKnownFileType = sourcecode.swift; path = TestTripDetailsModel.swift; sourceTree = "<group>"; };
		975EDF912915CE6A00680AAD /* TestTripDetailsViewModel.swift */ = {isa = PBXFileReference; lastKnownFileType = sourcecode.swift; path = TestTripDetailsViewModel.swift; sourceTree = "<group>"; };
		975EDF932915CE7500680AAD /* TestTripDetailsView.swift */ = {isa = PBXFileReference; lastKnownFileType = sourcecode.swift; path = TestTripDetailsView.swift; sourceTree = "<group>"; };
		975EDF952915CE8800680AAD /* TestTripDetailsRowView.swift */ = {isa = PBXFileReference; lastKnownFileType = sourcecode.swift; path = TestTripDetailsRowView.swift; sourceTree = "<group>"; };
		975EDF972915CEA800680AAD /* lisa-dev-2-branch-docs.md */ = {isa = PBXFileReference; lastKnownFileType = net.daringfireball.markdown; path = "lisa-dev-2-branch-docs.md"; sourceTree = "<group>"; };
		975EDF982915D10200680AAD /* Dashboard-deprecated1.swift */ = {isa = PBXFileReference; lastKnownFileType = sourcecode.swift; path = "Dashboard-deprecated1.swift"; sourceTree = "<group>"; };
		975EDF9A2915D74700680AAD /* TestTripDetailsRowModel.swift */ = {isa = PBXFileReference; lastKnownFileType = sourcecode.swift; path = TestTripDetailsRowModel.swift; sourceTree = "<group>"; };
		97A00601291C3FC800F0FE26 /* YourTripsView.swift */ = {isa = PBXFileReference; lastKnownFileType = sourcecode.swift; path = YourTripsView.swift; sourceTree = "<group>"; };
		97A00603291C461600F0FE26 /* YourProposalsView.swift */ = {isa = PBXFileReference; lastKnownFileType = sourcecode.swift; path = YourProposalsView.swift; sourceTree = "<group>"; };
		97A00605291C464500F0FE26 /* YourChecklists.swift */ = {isa = PBXFileReference; lastKnownFileType = sourcecode.swift; path = YourChecklists.swift; sourceTree = "<group>"; };
		97AD44BE290EF735000678E0 /* README.md */ = {isa = PBXFileReference; lastKnownFileType = net.daringfireball.markdown; path = README.md; sourceTree = "<group>"; };
		97AD44C2290EFD8C000678E0 /* ViewModel.swift */ = {isa = PBXFileReference; lastKnownFileType = sourcecode.swift; path = ViewModel.swift; sourceTree = "<group>"; };
		97AD44C4290EFD9D000678E0 /* ContentView.swift */ = {isa = PBXFileReference; lastKnownFileType = sourcecode.swift; path = ContentView.swift; sourceTree = "<group>"; };
		97AD4508291427CC000678E0 /* Dashboard.swift */ = {isa = PBXFileReference; lastKnownFileType = sourcecode.swift; path = Dashboard.swift; sourceTree = "<group>"; };
		97AD450A29142DFC000678E0 /* TripDetail.swift */ = {isa = PBXFileReference; lastKnownFileType = sourcecode.swift; path = TripDetail.swift; sourceTree = "<group>"; };
		97AD450D291435D5000678E0 /* DesignSystemComponents.swift */ = {isa = PBXFileReference; lastKnownFileType = sourcecode.swift; path = DesignSystemComponents.swift; sourceTree = "<group>"; };
		97AD450F2914367A000678E0 /* TripDetailCard.swift */ = {isa = PBXFileReference; lastKnownFileType = sourcecode.swift; path = TripDetailCard.swift; sourceTree = "<group>"; };
		97AD4511291440AE000678E0 /* Experiment.swift */ = {isa = PBXFileReference; lastKnownFileType = sourcecode.swift; path = Experiment.swift; sourceTree = "<group>"; };
		97AD45132914644C000678E0 /* TestDashboardView.swift */ = {isa = PBXFileReference; lastKnownFileType = sourcecode.swift; path = TestDashboardView.swift; sourceTree = "<group>"; };
		97AD451529146475000678E0 /* TestDashboardViewModel.swift */ = {isa = PBXFileReference; lastKnownFileType = sourcecode.swift; path = TestDashboardViewModel.swift; sourceTree = "<group>"; };
		97AD451729146482000678E0 /* TestDashboardModel.swift */ = {isa = PBXFileReference; lastKnownFileType = sourcecode.swift; path = TestDashboardModel.swift; sourceTree = "<group>"; };
		97C793AF291AB1230009BCF6 /* ProposalCard.swift */ = {isa = PBXFileReference; lastKnownFileType = sourcecode.swift; path = ProposalCard.swift; sourceTree = "<group>"; };
		97C793B1291AB13E0009BCF6 /* TestUI.swift */ = {isa = PBXFileReference; lastKnownFileType = sourcecode.swift; path = TestUI.swift; sourceTree = "<group>"; };
/* End PBXFileReference section */

/* Begin PBXFrameworksBuildPhase section */
		34B9C43D290A65D000015341 /* Frameworks */ = {
			isa = PBXFrameworksBuildPhase;
			buildActionMask = 2147483647;
			files = (
				97A005FE291B468800F0FE26 /* FirebaseMessaging in Frameworks */,
				97A005FC291B468800F0FE26 /* FirebaseFirestoreSwift in Frameworks */,
				97A005F8291B468800F0FE26 /* FirebaseDatabase in Frameworks */,
				97A005FA291B468800F0FE26 /* FirebaseFirestore in Frameworks */,
				97A00600291B468800F0FE26 /* FirebaseStorage in Frameworks */,
				97A005F4291B468800F0FE26 /* FirebaseAppCheck in Frameworks */,
				97A005F6291B468800F0FE26 /* FirebaseAuth in Frameworks */,
			);
			runOnlyForDeploymentPostprocessing = 0;
		};
/* End PBXFrameworksBuildPhase section */

/* Begin PBXGroup section */
		34B9C437290A65D000015341 = {
			isa = PBXGroup;
			children = (
				34B9C442290A65D000015341 /* ToGather */,
				34B9C441290A65D000015341 /* Products */,
			);
			sourceTree = "<group>";
		};
		34B9C441290A65D000015341 /* Products */ = {
			isa = PBXGroup;
			children = (
				34B9C440290A65D000015341 /* ToGather.app */,
			);
			name = Products;
			sourceTree = "<group>";
		};
		34B9C442290A65D000015341 /* ToGather */ = {
			isa = PBXGroup;
			children = (
				975EDF972915CEA800680AAD /* lisa-dev-2-branch-docs.md */,
				97AD44BF290EFC18000678E0 /* Models */,
				97AD44C1290EFC30000678E0 /* ViewModels */,
				97AD44C0290EFC24000678E0 /* Views */,
				34B9C443290A65D000015341 /* ToGatherApp.swift */,
				34B9C447290A65D100015341 /* Assets.xcassets */,
				34B9C44C290A65D100015341 /* Persistence.swift */,
				34B9C44E290A65D100015341 /* ToGather.xcdatamodeld */,
				34B9C456290A662800015341 /* GoogleService-Info.plist */,
				34B9C449290A65D100015341 /* Preview Content */,
				34B9C469290A67BA00015341 /* UserRepository.swift */,
				34B9C46B290AF06900015341 /* AppView.swift */,
				97AD44BE290EF735000678E0 /* README.md */,
			);
			path = ToGather;
			sourceTree = "<group>";
		};
		34B9C449290A65D100015341 /* Preview Content */ = {
			isa = PBXGroup;
			children = (
				34B9C44A290A65D100015341 /* Preview Assets.xcassets */,
			);
			path = "Preview Content";
			sourceTree = "<group>";
		};
		972A2DFB291ACA3100B30260 /* Pages-In-Development */ = {
			isa = PBXGroup;
			children = (
				972A2DFE291ACA5000B30260 /* Home.swift */,
			);
			path = "Pages-In-Development";
			sourceTree = "<group>";
		};
		972A2E09291ADDF300B30260 /* Archive */ = {
			isa = PBXGroup;
			children = (
				975EDF982915D10200680AAD /* Dashboard-deprecated1.swift */,
				97AD450D291435D5000678E0 /* DesignSystemComponents.swift */,
				97AD4511291440AE000678E0 /* Experiment.swift */,
				97AD45132914644C000678E0 /* TestDashboardView.swift */,
				97AD450F2914367A000678E0 /* TripDetailCard.swift */,
				975EDF932915CE7500680AAD /* TestTripDetailsView.swift */,
				975EDF952915CE8800680AAD /* TestTripDetailsRowView.swift */,
			);
			path = Archive;
			sourceTree = "<group>";
		};
		97AD44BF290EFC18000678E0 /* Models */ = {
			isa = PBXGroup;
			children = (
				34B9C467290A66FF00015341 /* User.swift */,
				344B927A2911D7130030547F /* Trip.swift */,
				344B927C2911D7240030547F /* Proposal.swift */,
				344B927E2911D7290030547F /* TripDay.swift */,
				344B92802911D72F0030547F /* Event.swift */,
				344B92822911D7390030547F /* Task.swift */,
				344B92842911D73F0030547F /* Reply.swift */,
				97AD451729146482000678E0 /* TestDashboardModel.swift */,
				975EDF8F2915CE5900680AAD /* TestTripDetailsModel.swift */,
				975EDF9A2915D74700680AAD /* TestTripDetailsRowModel.swift */,
			);
			path = Models;
			sourceTree = "<group>";
		};
		97AD44C0290EFC24000678E0 /* Views */ = {
			isa = PBXGroup;
			children = (
				972A2E09291ADDF300B30260 /* Archive */,
				972A2DFB291ACA3100B30260 /* Pages-In-Development */,
				97C793AE291AB10F0009BCF6 /* Components */,
				97AD44C4290EFD9D000678E0 /* ContentView.swift */,
				972A2E07291ADD7700B30260 /* UserTrips.swift */,
				97AD4508291427CC000678E0 /* Dashboard.swift */,
				97EEB040291978BA00139842 /* TestUI.swift */,
				97AD450A29142DFC000678E0 /* TripDetail.swift */,
				3436241129197BF1007A8FC6 /* TestDashboardIntegratedView.swift */,
				191FC37129183E650083C4E7 /* OnboardingFour.swift */,
				191FC36F29183DC00083C4E7 /* OnboardingThree.swift */,
				191FC36D29183DAE0083C4E7 /* OnboardingTwo.swift */,
				191FC36B29183D910083C4E7 /* OnboardingOne.swift */,
				191FC37329183E730083C4E7 /* ChecklistOne.swift */,
				191FC37529183E870083C4E7 /* ChecklistTwo.swift */,
				191FC37729183E9C0083C4E7 /* ChecklistThree.swift */,
				191FC37929183EAB0083C4E7 /* ChecklistFour.swift */,
				345BEF1F291A1A640093BE5B /* JoinTripView.swift */,
				972A2E05291AD9DE00B30260 /* BarNavigation.swift */,
				97A00601291C3FC800F0FE26 /* YourTripsView.swift */,
				97A00603291C461600F0FE26 /* YourProposalsView.swift */,
				97A00605291C464500F0FE26 /* YourChecklists.swift */,
			);
			path = Views;
			sourceTree = "<group>";
		};
		97AD44C1290EFC30000678E0 /* ViewModels */ = {
			isa = PBXGroup;
			children = (
				97AD44C2290EFD8C000678E0 /* ViewModel.swift */,
				97AD451529146475000678E0 /* TestDashboardViewModel.swift */,
				975EDF912915CE6A00680AAD /* TestTripDetailsViewModel.swift */,
			);
			path = ViewModels;
			sourceTree = "<group>";
		};
		97C793AE291AB10F0009BCF6 /* Components */ = {
			isa = PBXGroup;
			children = (
				97C793AF291AB1230009BCF6 /* ProposalCard.swift */,
				97C793B1291AB13E0009BCF6 /* TestUI.swift */,
				972A2E01291ACBF800B30260 /* Buttons.swift */,
				972A2E03291ACF9400B30260 /* NavigationLinks.swift */,
			);
			path = Components;
			sourceTree = "<group>";
		};
/* End PBXGroup section */

/* Begin PBXNativeTarget section */
		34B9C43F290A65D000015341 /* ToGather */ = {
			isa = PBXNativeTarget;
			buildConfigurationList = 34B9C453290A65D100015341 /* Build configuration list for PBXNativeTarget "ToGather" */;
			buildPhases = (
				34B9C43C290A65D000015341 /* Sources */,
				34B9C43D290A65D000015341 /* Frameworks */,
				34B9C43E290A65D000015341 /* Resources */,
			);
			buildRules = (
			);
			dependencies = (
			);
			name = ToGather;
			packageProductDependencies = (
				97A005F3291B468800F0FE26 /* FirebaseAppCheck */,
				97A005F5291B468800F0FE26 /* FirebaseAuth */,
				97A005F7291B468800F0FE26 /* FirebaseDatabase */,
				97A005F9291B468800F0FE26 /* FirebaseFirestore */,
				97A005FB291B468800F0FE26 /* FirebaseFirestoreSwift */,
				97A005FD291B468800F0FE26 /* FirebaseMessaging */,
				97A005FF291B468800F0FE26 /* FirebaseStorage */,
			);
			productName = ToGather;
			productReference = 34B9C440290A65D000015341 /* ToGather.app */;
			productType = "com.apple.product-type.application";
		};
/* End PBXNativeTarget section */

/* Begin PBXProject section */
		34B9C438290A65D000015341 /* Project object */ = {
			isa = PBXProject;
			attributes = {
				BuildIndependentTargetsInParallel = 1;
				LastSwiftUpdateCheck = 1400;
				LastUpgradeCheck = 1400;
				TargetAttributes = {
					34B9C43F290A65D000015341 = {
						CreatedOnToolsVersion = 14.0.1;
					};
				};
			};
			buildConfigurationList = 34B9C43B290A65D000015341 /* Build configuration list for PBXProject "ToGather" */;
			compatibilityVersion = "Xcode 14.0";
			developmentRegion = en;
			hasScannedForEncodings = 0;
			knownRegions = (
				en,
				Base,
			);
			mainGroup = 34B9C437290A65D000015341;
			packageReferences = (
				97A005F2291B468800F0FE26 /* XCRemoteSwiftPackageReference "firebase-ios-sdk" */,
			);
			productRefGroup = 34B9C441290A65D000015341 /* Products */;
			projectDirPath = "";
			projectRoot = "";
			targets = (
				34B9C43F290A65D000015341 /* ToGather */,
			);
		};
/* End PBXProject section */

/* Begin PBXResourcesBuildPhase section */
		34B9C43E290A65D000015341 /* Resources */ = {
			isa = PBXResourcesBuildPhase;
			buildActionMask = 2147483647;
			files = (
				34B9C44B290A65D100015341 /* Preview Assets.xcassets in Resources */,
				34B9C448290A65D100015341 /* Assets.xcassets in Resources */,
				34B9C457290A662800015341 /* GoogleService-Info.plist in Resources */,
			);
			runOnlyForDeploymentPostprocessing = 0;
		};
/* End PBXResourcesBuildPhase section */

/* Begin PBXSourcesBuildPhase section */
		34B9C43C290A65D000015341 /* Sources */ = {
			isa = PBXSourcesBuildPhase;
			buildActionMask = 2147483647;
			files = (
				972A2E02291ACBF800B30260 /* Buttons.swift in Sources */,
				97AD450E291435D5000678E0 /* DesignSystemComponents.swift in Sources */,
				972A2E06291AD9DE00B30260 /* BarNavigation.swift in Sources */,
				191FC37229183E650083C4E7 /* OnboardingFour.swift in Sources */,
				34B9C44D290A65D100015341 /* Persistence.swift in Sources */,
				344B927D2911D7240030547F /* Proposal.swift in Sources */,
				34B9C46A290A67BA00015341 /* UserRepository.swift in Sources */,
				97C793B0291AB1230009BCF6 /* ProposalCard.swift in Sources */,
				97AD44C5290EFD9D000678E0 /* ContentView.swift in Sources */,
				975EDF942915CE7500680AAD /* TestTripDetailsView.swift in Sources */,
				975EDF9B2915D74700680AAD /* TestTripDetailsRowModel.swift in Sources */,
				344B92812911D72F0030547F /* Event.swift in Sources */,
				344B927F2911D7290030547F /* TripDay.swift in Sources */,
				97AD451629146475000678E0 /* TestDashboardViewModel.swift in Sources */,
				97AD451829146482000678E0 /* TestDashboardModel.swift in Sources */,
				344B92852911D73F0030547F /* Reply.swift in Sources */,
				972A2DFF291ACA5000B30260 /* Home.swift in Sources */,
				97EEB041291978BA00139842 /* TestUI.swift in Sources */,
				97AD4509291427CC000678E0 /* Dashboard.swift in Sources */,
				191FC37429183E730083C4E7 /* ChecklistOne.swift in Sources */,
				344B92812911D72F0030547F /* Event.swift in Sources */,
				344B927F2911D7290030547F /* TripDay.swift in Sources */,
				191FC37A29183EAB0083C4E7 /* ChecklistFour.swift in Sources */,
				97A00606291C464500F0FE26 /* YourChecklists.swift in Sources */,
				344B92852911D73F0030547F /* Reply.swift in Sources */,
				191FC36C29183D910083C4E7 /* OnboardingOne.swift in Sources */,
				344B927B2911D7130030547F /* Trip.swift in Sources */,
				975EDF962915CE8800680AAD /* TestTripDetailsRowView.swift in Sources */,
				345BEF20291A1A640093BE5B /* JoinTripView.swift in Sources */,
				97A00604291C461600F0FE26 /* YourProposalsView.swift in Sources */,
				34B9C46C290AF06900015341 /* AppView.swift in Sources */,
				97EEB044291AAB9A00139842 /* ProposalCard.swift in Sources */,
				191FC37029183DC00083C4E7 /* OnboardingThree.swift in Sources */,
				344B92832911D7390030547F /* Task.swift in Sources */,
				972A2E04291ACF9400B30260 /* NavigationLinks.swift in Sources */,
				191FC36E29183DAE0083C4E7 /* OnboardingTwo.swift in Sources */,
				191FC37829183E9C0083C4E7 /* ChecklistThree.swift in Sources */,
				34B9C444290A65D000015341 /* ToGatherApp.swift in Sources */,
				34B9C468290A66FF00015341 /* User.swift in Sources */,
				975EDF992915D10200680AAD /* Dashboard-deprecated1.swift in Sources */,
				97AD450B29142DFC000678E0 /* TripDetail.swift in Sources */,
				191FC37629183E870083C4E7 /* ChecklistTwo.swift in Sources */,
				34B9C450290A65D100015341 /* ToGather.xcdatamodeld in Sources */,
				3436241229197BF1007A8FC6 /* TestDashboardIntegratedView.swift in Sources */,
				975EDF922915CE6A00680AAD /* TestTripDetailsViewModel.swift in Sources */,
				97AD4512291440AE000678E0 /* Experiment.swift in Sources */,
				97AD45142914644C000678E0 /* TestDashboardView.swift in Sources */,
				972A2E08291ADD7700B30260 /* UserTrips.swift in Sources */,
				97AD44C3290EFD8C000678E0 /* ViewModel.swift in Sources */,
				97A00602291C3FC800F0FE26 /* YourTripsView.swift in Sources */,
				97AD45102914367A000678E0 /* TripDetailCard.swift in Sources */,
				97C793B2291AB13E0009BCF6 /* TestUI.swift in Sources */,
				975EDF902915CE5900680AAD /* TestTripDetailsModel.swift in Sources */,
			);
			runOnlyForDeploymentPostprocessing = 0;
		};
/* End PBXSourcesBuildPhase section */

/* Begin XCBuildConfiguration section */
		34B9C451290A65D100015341 /* Debug */ = {
			isa = XCBuildConfiguration;
			buildSettings = {
				ALWAYS_SEARCH_USER_PATHS = NO;
				CLANG_ANALYZER_NONNULL = YES;
				CLANG_ANALYZER_NUMBER_OBJECT_CONVERSION = YES_AGGRESSIVE;
				CLANG_CXX_LANGUAGE_STANDARD = "gnu++20";
				CLANG_ENABLE_MODULES = YES;
				CLANG_ENABLE_OBJC_ARC = YES;
				CLANG_ENABLE_OBJC_WEAK = YES;
				CLANG_WARN_BLOCK_CAPTURE_AUTORELEASING = YES;
				CLANG_WARN_BOOL_CONVERSION = YES;
				CLANG_WARN_COMMA = YES;
				CLANG_WARN_CONSTANT_CONVERSION = YES;
				CLANG_WARN_DEPRECATED_OBJC_IMPLEMENTATIONS = YES;
				CLANG_WARN_DIRECT_OBJC_ISA_USAGE = YES_ERROR;
				CLANG_WARN_DOCUMENTATION_COMMENTS = YES;
				CLANG_WARN_EMPTY_BODY = YES;
				CLANG_WARN_ENUM_CONVERSION = YES;
				CLANG_WARN_INFINITE_RECURSION = YES;
				CLANG_WARN_INT_CONVERSION = YES;
				CLANG_WARN_NON_LITERAL_NULL_CONVERSION = YES;
				CLANG_WARN_OBJC_IMPLICIT_RETAIN_SELF = YES;
				CLANG_WARN_OBJC_LITERAL_CONVERSION = YES;
				CLANG_WARN_OBJC_ROOT_CLASS = YES_ERROR;
				CLANG_WARN_QUOTED_INCLUDE_IN_FRAMEWORK_HEADER = YES;
				CLANG_WARN_RANGE_LOOP_ANALYSIS = YES;
				CLANG_WARN_STRICT_PROTOTYPES = YES;
				CLANG_WARN_SUSPICIOUS_MOVE = YES;
				CLANG_WARN_UNGUARDED_AVAILABILITY = YES_AGGRESSIVE;
				CLANG_WARN_UNREACHABLE_CODE = YES;
				CLANG_WARN__DUPLICATE_METHOD_MATCH = YES;
				COPY_PHASE_STRIP = NO;
				DEBUG_INFORMATION_FORMAT = dwarf;
				ENABLE_STRICT_OBJC_MSGSEND = YES;
				ENABLE_TESTABILITY = YES;
				GCC_C_LANGUAGE_STANDARD = gnu11;
				GCC_DYNAMIC_NO_PIC = NO;
				GCC_NO_COMMON_BLOCKS = YES;
				GCC_OPTIMIZATION_LEVEL = 0;
				GCC_PREPROCESSOR_DEFINITIONS = (
					"DEBUG=1",
					"$(inherited)",
				);
				GCC_WARN_64_TO_32_BIT_CONVERSION = YES;
				GCC_WARN_ABOUT_RETURN_TYPE = YES_ERROR;
				GCC_WARN_UNDECLARED_SELECTOR = YES;
				GCC_WARN_UNINITIALIZED_AUTOS = YES_AGGRESSIVE;
				GCC_WARN_UNUSED_FUNCTION = YES;
				GCC_WARN_UNUSED_VARIABLE = YES;
				IPHONEOS_DEPLOYMENT_TARGET = 16.0;
				MTL_ENABLE_DEBUG_INFO = INCLUDE_SOURCE;
				MTL_FAST_MATH = YES;
				ONLY_ACTIVE_ARCH = YES;
				SDKROOT = iphoneos;
				SWIFT_ACTIVE_COMPILATION_CONDITIONS = DEBUG;
				SWIFT_OPTIMIZATION_LEVEL = "-Onone";
			};
			name = Debug;
		};
		34B9C452290A65D100015341 /* Release */ = {
			isa = XCBuildConfiguration;
			buildSettings = {
				ALWAYS_SEARCH_USER_PATHS = NO;
				CLANG_ANALYZER_NONNULL = YES;
				CLANG_ANALYZER_NUMBER_OBJECT_CONVERSION = YES_AGGRESSIVE;
				CLANG_CXX_LANGUAGE_STANDARD = "gnu++20";
				CLANG_ENABLE_MODULES = YES;
				CLANG_ENABLE_OBJC_ARC = YES;
				CLANG_ENABLE_OBJC_WEAK = YES;
				CLANG_WARN_BLOCK_CAPTURE_AUTORELEASING = YES;
				CLANG_WARN_BOOL_CONVERSION = YES;
				CLANG_WARN_COMMA = YES;
				CLANG_WARN_CONSTANT_CONVERSION = YES;
				CLANG_WARN_DEPRECATED_OBJC_IMPLEMENTATIONS = YES;
				CLANG_WARN_DIRECT_OBJC_ISA_USAGE = YES_ERROR;
				CLANG_WARN_DOCUMENTATION_COMMENTS = YES;
				CLANG_WARN_EMPTY_BODY = YES;
				CLANG_WARN_ENUM_CONVERSION = YES;
				CLANG_WARN_INFINITE_RECURSION = YES;
				CLANG_WARN_INT_CONVERSION = YES;
				CLANG_WARN_NON_LITERAL_NULL_CONVERSION = YES;
				CLANG_WARN_OBJC_IMPLICIT_RETAIN_SELF = YES;
				CLANG_WARN_OBJC_LITERAL_CONVERSION = YES;
				CLANG_WARN_OBJC_ROOT_CLASS = YES_ERROR;
				CLANG_WARN_QUOTED_INCLUDE_IN_FRAMEWORK_HEADER = YES;
				CLANG_WARN_RANGE_LOOP_ANALYSIS = YES;
				CLANG_WARN_STRICT_PROTOTYPES = YES;
				CLANG_WARN_SUSPICIOUS_MOVE = YES;
				CLANG_WARN_UNGUARDED_AVAILABILITY = YES_AGGRESSIVE;
				CLANG_WARN_UNREACHABLE_CODE = YES;
				CLANG_WARN__DUPLICATE_METHOD_MATCH = YES;
				COPY_PHASE_STRIP = NO;
				DEBUG_INFORMATION_FORMAT = "dwarf-with-dsym";
				ENABLE_NS_ASSERTIONS = NO;
				ENABLE_STRICT_OBJC_MSGSEND = YES;
				GCC_C_LANGUAGE_STANDARD = gnu11;
				GCC_NO_COMMON_BLOCKS = YES;
				GCC_WARN_64_TO_32_BIT_CONVERSION = YES;
				GCC_WARN_ABOUT_RETURN_TYPE = YES_ERROR;
				GCC_WARN_UNDECLARED_SELECTOR = YES;
				GCC_WARN_UNINITIALIZED_AUTOS = YES_AGGRESSIVE;
				GCC_WARN_UNUSED_FUNCTION = YES;
				GCC_WARN_UNUSED_VARIABLE = YES;
				IPHONEOS_DEPLOYMENT_TARGET = 16.0;
				MTL_ENABLE_DEBUG_INFO = NO;
				MTL_FAST_MATH = YES;
				SDKROOT = iphoneos;
				SWIFT_COMPILATION_MODE = wholemodule;
				SWIFT_OPTIMIZATION_LEVEL = "-O";
				VALIDATE_PRODUCT = YES;
			};
			name = Release;
		};
		34B9C454290A65D100015341 /* Debug */ = {
			isa = XCBuildConfiguration;
			buildSettings = {
				ASSETCATALOG_COMPILER_APPICON_NAME = AppIcon;
				ASSETCATALOG_COMPILER_GLOBAL_ACCENT_COLOR_NAME = AccentColor;
				CODE_SIGN_STYLE = Automatic;
				CURRENT_PROJECT_VERSION = 1;
				DEVELOPMENT_ASSET_PATHS = "\"ToGather/Preview Content\"";
				ENABLE_PREVIEWS = YES;
				GENERATE_INFOPLIST_FILE = YES;
				INFOPLIST_KEY_UIApplicationSceneManifest_Generation = YES;
				INFOPLIST_KEY_UIApplicationSupportsIndirectInputEvents = YES;
				INFOPLIST_KEY_UILaunchScreen_Generation = YES;
				INFOPLIST_KEY_UISupportedInterfaceOrientations_iPad = "UIInterfaceOrientationPortrait UIInterfaceOrientationPortraitUpsideDown UIInterfaceOrientationLandscapeLeft UIInterfaceOrientationLandscapeRight";
				INFOPLIST_KEY_UISupportedInterfaceOrientations_iPhone = "UIInterfaceOrientationPortrait UIInterfaceOrientationLandscapeLeft UIInterfaceOrientationLandscapeRight";
				LD_RUNPATH_SEARCH_PATHS = (
					"$(inherited)",
					"@executable_path/Frameworks",
				);
				MARKETING_VERSION = 1.0;
				PRODUCT_BUNDLE_IDENTIFIER = com.xindazhou.ToGather;
				PRODUCT_NAME = "$(TARGET_NAME)";
				SWIFT_EMIT_LOC_STRINGS = YES;
				SWIFT_VERSION = 5.0;
				TARGETED_DEVICE_FAMILY = "1,2";
			};
			name = Debug;
		};
		34B9C455290A65D100015341 /* Release */ = {
			isa = XCBuildConfiguration;
			buildSettings = {
				ASSETCATALOG_COMPILER_APPICON_NAME = AppIcon;
				ASSETCATALOG_COMPILER_GLOBAL_ACCENT_COLOR_NAME = AccentColor;
				CODE_SIGN_STYLE = Automatic;
				CURRENT_PROJECT_VERSION = 1;
				DEVELOPMENT_ASSET_PATHS = "\"ToGather/Preview Content\"";
				ENABLE_PREVIEWS = YES;
				GENERATE_INFOPLIST_FILE = YES;
				INFOPLIST_KEY_UIApplicationSceneManifest_Generation = YES;
				INFOPLIST_KEY_UIApplicationSupportsIndirectInputEvents = YES;
				INFOPLIST_KEY_UILaunchScreen_Generation = YES;
				INFOPLIST_KEY_UISupportedInterfaceOrientations_iPad = "UIInterfaceOrientationPortrait UIInterfaceOrientationPortraitUpsideDown UIInterfaceOrientationLandscapeLeft UIInterfaceOrientationLandscapeRight";
				INFOPLIST_KEY_UISupportedInterfaceOrientations_iPhone = "UIInterfaceOrientationPortrait UIInterfaceOrientationLandscapeLeft UIInterfaceOrientationLandscapeRight";
				LD_RUNPATH_SEARCH_PATHS = (
					"$(inherited)",
					"@executable_path/Frameworks",
				);
				MARKETING_VERSION = 1.0;
				PRODUCT_BUNDLE_IDENTIFIER = com.xindazhou.ToGather;
				PRODUCT_NAME = "$(TARGET_NAME)";
				SWIFT_EMIT_LOC_STRINGS = YES;
				SWIFT_VERSION = 5.0;
				TARGETED_DEVICE_FAMILY = "1,2";
			};
			name = Release;
		};
/* End XCBuildConfiguration section */

/* Begin XCConfigurationList section */
		34B9C43B290A65D000015341 /* Build configuration list for PBXProject "ToGather" */ = {
			isa = XCConfigurationList;
			buildConfigurations = (
				34B9C451290A65D100015341 /* Debug */,
				34B9C452290A65D100015341 /* Release */,
			);
			defaultConfigurationIsVisible = 0;
			defaultConfigurationName = Release;
		};
		34B9C453290A65D100015341 /* Build configuration list for PBXNativeTarget "ToGather" */ = {
			isa = XCConfigurationList;
			buildConfigurations = (
				34B9C454290A65D100015341 /* Debug */,
				34B9C455290A65D100015341 /* Release */,
			);
			defaultConfigurationIsVisible = 0;
			defaultConfigurationName = Release;
		};
/* End XCConfigurationList section */

/* Begin XCRemoteSwiftPackageReference section */
		97A005F2291B468800F0FE26 /* XCRemoteSwiftPackageReference "firebase-ios-sdk" */ = {
			isa = XCRemoteSwiftPackageReference;
			repositoryURL = "https://github.com/firebase/firebase-ios-sdk.git";
			requirement = {
				branch = master;
				kind = branch;
			};
		};
/* End XCRemoteSwiftPackageReference section */

/* Begin XCSwiftPackageProductDependency section */
		97A005F3291B468800F0FE26 /* FirebaseAppCheck */ = {
			isa = XCSwiftPackageProductDependency;
			package = 97A005F2291B468800F0FE26 /* XCRemoteSwiftPackageReference "firebase-ios-sdk" */;
			productName = FirebaseAppCheck;
		};
		97A005F5291B468800F0FE26 /* FirebaseAuth */ = {
			isa = XCSwiftPackageProductDependency;
			package = 97A005F2291B468800F0FE26 /* XCRemoteSwiftPackageReference "firebase-ios-sdk" */;
			productName = FirebaseAuth;
		};
		97A005F7291B468800F0FE26 /* FirebaseDatabase */ = {
			isa = XCSwiftPackageProductDependency;
			package = 97A005F2291B468800F0FE26 /* XCRemoteSwiftPackageReference "firebase-ios-sdk" */;
			productName = FirebaseDatabase;
		};
		97A005F9291B468800F0FE26 /* FirebaseFirestore */ = {
			isa = XCSwiftPackageProductDependency;
			package = 97A005F2291B468800F0FE26 /* XCRemoteSwiftPackageReference "firebase-ios-sdk" */;
			productName = FirebaseFirestore;
		};
		97A005FB291B468800F0FE26 /* FirebaseFirestoreSwift */ = {
			isa = XCSwiftPackageProductDependency;
			package = 97A005F2291B468800F0FE26 /* XCRemoteSwiftPackageReference "firebase-ios-sdk" */;
			productName = FirebaseFirestoreSwift;
		};
		97A005FD291B468800F0FE26 /* FirebaseMessaging */ = {
			isa = XCSwiftPackageProductDependency;
			package = 97A005F2291B468800F0FE26 /* XCRemoteSwiftPackageReference "firebase-ios-sdk" */;
			productName = FirebaseMessaging;
		};
		97A005FF291B468800F0FE26 /* FirebaseStorage */ = {
			isa = XCSwiftPackageProductDependency;
			package = 97A005F2291B468800F0FE26 /* XCRemoteSwiftPackageReference "firebase-ios-sdk" */;
			productName = FirebaseStorage;
		};
/* End XCSwiftPackageProductDependency section */

/* Begin XCVersionGroup section */
		34B9C44E290A65D100015341 /* ToGather.xcdatamodeld */ = {
			isa = XCVersionGroup;
			children = (
				34B9C44F290A65D100015341 /* ToGather.xcdatamodel */,
			);
			currentVersion = 34B9C44F290A65D100015341 /* ToGather.xcdatamodel */;
			path = ToGather.xcdatamodeld;
			sourceTree = "<group>";
			versionGroupType = wrapper.xcdatamodel;
		};
/* End XCVersionGroup section */
	};
	rootObject = 34B9C438290A65D000015341 /* Project object */;
}
